
Microsoft Visual Studio Solution File, Format Version 12.00
# Visual Studio Version 17
VisualStudioVersion = 17.1.32210.238
MinimumVisualStudioVersion = 10.0.40219.1
Project("{FAE04EC0-301F-11D3-BF4B-00C04F79EFBC}") = "bad115_api_core", "bad115_api_core\bad115_api_core.csproj", "{F3530260-D8E3-4477-A068-C21934A82378}"
EndProject
Global
	GlobalSection(SolutionConfigurationPlatforms) = preSolution
		Debug|Any CPU = Debug|Any CPU
		Release|Any CPU = Release|Any CPU
	EndGlobalSection
	GlobalSection(ProjectConfigurationPlatforms) = postSolution
		{F3530260-D8E3-4477-A068-C21934A82378}.Debug|Any CPU.ActiveCfg = Debug|Any CPU
		{F3530260-D8E3-4477-A068-C21934A82378}.Debug|Any CPU.Build.0 = Debug|Any CPU
		{F3530260-D8E3-4477-A068-C21934A82378}.Release|Any CPU.ActiveCfg = Release|Any CPU
		{F3530260-D8E3-4477-A068-C21934A82378}.Release|Any CPU.Build.0 = Release|Any CPU
	EndGlobalSection
	GlobalSection(SolutionProperties) = preSolution
		HideSolutionNode = FALSE
	EndGlobalSection
	GlobalSection(ExtensibilityGlobals) = postSolution
		SolutionGuid = {B0FA7D2F-7783-40DE-A4C1-8F72D73FD5F5}
	EndGlobalSection
EndGlobal
